
Microsoft Visual Studio Solution File, Format Version 12.00
# Visual Studio Version 17
VisualStudioVersion = 17.11.35327.3
MinimumVisualStudioVersion = 10.0.40219.1
Project("{9A19103F-16F7-4668-BE54-9A1E7A4F7556}") = "ProductServices", "ProductService\ProductServices.csproj", "{17FFBD99-C981-4524-940C-13781D58BC4A}"
EndProject
Project("{9A19103F-16F7-4668-BE54-9A1E7A4F7556}") = "ApiGateway", "ApiGateway\ApiGateway.csproj", "{9FA38E13-E5C3-43E9-B913-3726B26B6EBF}"
EndProject
Project("{9A19103F-16F7-4668-BE54-9A1E7A4F7556}") = "SalesPointServices", "SalesPointServices\SalesPointServices.csproj", "{7DFE9D20-8CE0-4400-99D5-C3FD8578F520}"
EndProject
Project("{2150E333-8FDC-42A3-9474-1A3956D46DE8}") = "Элементы решения", "Элементы решения", "{B8844E7E-46F6-433D-B0C7-CDEDF84A4E16}"
	ProjectSection(SolutionItems) = preProject
		.gitignore = .gitignore
		README.md = README.md
	EndProjectSection
EndProject
Global
	GlobalSection(SolutionConfigurationPlatforms) = preSolution
		Debug|Any CPU = Debug|Any CPU
		Release|Any CPU = Release|Any CPU
	EndGlobalSection
	GlobalSection(ProjectConfigurationPlatforms) = postSolution
		{17FFBD99-C981-4524-940C-13781D58BC4A}.Debug|Any CPU.ActiveCfg = Debug|Any CPU
		{17FFBD99-C981-4524-940C-13781D58BC4A}.Debug|Any CPU.Build.0 = Debug|Any CPU
		{17FFBD99-C981-4524-940C-13781D58BC4A}.Release|Any CPU.ActiveCfg = Release|Any CPU
		{17FFBD99-C981-4524-940C-13781D58BC4A}.Release|Any CPU.Build.0 = Release|Any CPU
		{9FA38E13-E5C3-43E9-B913-3726B26B6EBF}.Debug|Any CPU.ActiveCfg = Debug|Any CPU
		{9FA38E13-E5C3-43E9-B913-3726B26B6EBF}.Debug|Any CPU.Build.0 = Debug|Any CPU
		{9FA38E13-E5C3-43E9-B913-3726B26B6EBF}.Release|Any CPU.ActiveCfg = Release|Any CPU
		{9FA38E13-E5C3-43E9-B913-3726B26B6EBF}.Release|Any CPU.Build.0 = Release|Any CPU
		{7DFE9D20-8CE0-4400-99D5-C3FD8578F520}.Debug|Any CPU.ActiveCfg = Debug|Any CPU
		{7DFE9D20-8CE0-4400-99D5-C3FD8578F520}.Debug|Any CPU.Build.0 = Debug|Any CPU
		{7DFE9D20-8CE0-4400-99D5-C3FD8578F520}.Release|Any CPU.ActiveCfg = Release|Any CPU
		{7DFE9D20-8CE0-4400-99D5-C3FD8578F520}.Release|Any CPU.Build.0 = Release|Any CPU
	EndGlobalSection
	GlobalSection(SolutionProperties) = preSolution
		HideSolutionNode = FALSE
	EndGlobalSection
	GlobalSection(ExtensibilityGlobals) = postSolution
		SolutionGuid = {34DDDFD2-FDBE-4674-A718-9D842E5E9604}
	EndGlobalSection
EndGlobal
